
Microsoft Visual Studio Solution File, Format Version 12.00
# Visual Studio Version 17
VisualStudioVersion = 17.14.36203.30 d17.14
MinimumVisualStudioVersion = 10.0.40219.1
Project("{FAE04EC0-301F-11D3-BF4B-00C04F79EFBC}") = "Testifelse", "Testifelse\Testifelse.csproj", "{CDFE5644-5BBA-4AE3-A3F2-9FC64C71088B}"
EndProject
Global
	GlobalSection(SolutionConfigurationPlatforms) = preSolution
		Debug|Any CPU = Debug|Any CPU
		Release|Any CPU = Release|Any CPU
	EndGlobalSection
	GlobalSection(ProjectConfigurationPlatforms) = postSolution
		{CDFE5644-5BBA-4AE3-A3F2-9FC64C71088B}.Debug|Any CPU.ActiveCfg = Debug|Any CPU
		{CDFE5644-5BBA-4AE3-A3F2-9FC64C71088B}.Debug|Any CPU.Build.0 = Debug|Any CPU
		{CDFE5644-5BBA-4AE3-A3F2-9FC64C71088B}.Release|Any CPU.ActiveCfg = Release|Any CPU
		{CDFE5644-5BBA-4AE3-A3F2-9FC64C71088B}.Release|Any CPU.Build.0 = Release|Any CPU
	EndGlobalSection
	GlobalSection(SolutionProperties) = preSolution
		HideSolutionNode = FALSE
	EndGlobalSection
	GlobalSection(ExtensibilityGlobals) = postSolution
		SolutionGuid = {2AB2BF05-3078-4712-A16B-AA0DBD5CE78A}
	EndGlobalSection
EndGlobal
